// !$*UTF8*$!
{
	archiveVersion = 1;
	classes = {
	};
	objectVersion = 55;
	objects = {

/* Begin PBXBuildFile section */
		6B2348E22926232C000E6FD9 /* GoogleService-Info.plist in Resources */ = {isa = PBXBuildFile; fileRef = 6B2348E12926232B000E6FD9 /* GoogleService-Info.plist */; };
		6B80EE0C292646010027BF77 /* OnboardingUIViewController.swift in Sources */ = {isa = PBXBuildFile; fileRef = 6B80EE0B292646010027BF77 /* OnboardingUIViewController.swift */; };
		6B80EE0E2927127E0027BF77 /* RegisterViewController.swift in Sources */ = {isa = PBXBuildFile; fileRef = 6B80EE0D2927127E0027BF77 /* RegisterViewController.swift */; };
		6B80EE11292732F10027BF77 /* AuthenticationViewViewModel.swift in Sources */ = {isa = PBXBuildFile; fileRef = 6B80EE10292732F10027BF77 /* AuthenticationViewViewModel.swift */; };
		6B80EE142928F9790027BF77 /* AuthManager.swift in Sources */ = {isa = PBXBuildFile; fileRef = 6B80EE132928F9790027BF77 /* AuthManager.swift */; };
		6B80EE162929EB8F0027BF77 /* LoginViewController.swift in Sources */ = {isa = PBXBuildFile; fileRef = 6B80EE152929EB8F0027BF77 /* LoginViewController.swift */; };
		6B9F9ADF2923F1D00071BB05 /* HomeViewController.swift in Sources */ = {isa = PBXBuildFile; fileRef = 6B9F9ADE2923F1D00071BB05 /* HomeViewController.swift */; };
		6B9F9AE12923F2460071BB05 /* SearchViewController.swift in Sources */ = {isa = PBXBuildFile; fileRef = 6B9F9AE02923F2460071BB05 /* SearchViewController.swift */; };
		6B9F9AE32923F2600071BB05 /* NotificationsViewController.swift in Sources */ = {isa = PBXBuildFile; fileRef = 6B9F9AE22923F2600071BB05 /* NotificationsViewController.swift */; };
		6B9F9AE52923F27A0071BB05 /* DirectMessagesViewController.swift in Sources */ = {isa = PBXBuildFile; fileRef = 6B9F9AE42923F27A0071BB05 /* DirectMessagesViewController.swift */; };
		6B9F9AE82923F88C0071BB05 /* TweetTableViewCell.swift in Sources */ = {isa = PBXBuildFile; fileRef = 6B9F9AE72923F88C0071BB05 /* TweetTableViewCell.swift */; };
		6B9F9AEB292473F30071BB05 /* ProfileViewController.swift in Sources */ = {isa = PBXBuildFile; fileRef = 6B9F9AEA292473F30071BB05 /* ProfileViewController.swift */; };
		6B9F9AED2924BDEB0071BB05 /* ProfileTableViewHeader.swift in Sources */ = {isa = PBXBuildFile; fileRef = 6B9F9AEC2924BDEB0071BB05 /* ProfileTableViewHeader.swift */; };
		6BA99F552923EEDA00271043 /* AppDelegate.swift in Sources */ = {isa = PBXBuildFile; fileRef = 6BA99F542923EEDA00271043 /* AppDelegate.swift */; };
		6BA99F572923EEDA00271043 /* SceneDelegate.swift in Sources */ = {isa = PBXBuildFile; fileRef = 6BA99F562923EEDA00271043 /* SceneDelegate.swift */; };
		6BA99F592923EEDA00271043 /* MainTabbarViewController.swift in Sources */ = {isa = PBXBuildFile; fileRef = 6BA99F582923EEDA00271043 /* MainTabbarViewController.swift */; };
		6BA99F5E2923EEDC00271043 /* Assets.xcassets in Resources */ = {isa = PBXBuildFile; fileRef = 6BA99F5D2923EEDC00271043 /* Assets.xcassets */; };
		6BA99F612923EEDC00271043 /* LaunchScreen.storyboard in Resources */ = {isa = PBXBuildFile; fileRef = 6BA99F5F2923EEDC00271043 /* LaunchScreen.storyboard */; };
		6BFE276C29264095006A8CAA /* FirebaseAuth in Frameworks */ = {isa = PBXBuildFile; productRef = 6BFE276B29264095006A8CAA /* FirebaseAuth */; };
		6BFE276E29264095006A8CAA /* FirebaseAuthCombine-Community in Frameworks */ = {isa = PBXBuildFile; productRef = 6BFE276D29264095006A8CAA /* FirebaseAuthCombine-Community */; };
		6BFE277029264095006A8CAA /* FirebaseDatabase in Frameworks */ = {isa = PBXBuildFile; productRef = 6BFE276F29264095006A8CAA /* FirebaseDatabase */; };
		6BFE277229264095006A8CAA /* FirebaseDatabaseSwift in Frameworks */ = {isa = PBXBuildFile; productRef = 6BFE277129264095006A8CAA /* FirebaseDatabaseSwift */; };
		6BFE277429264095006A8CAA /* FirebaseFirestore in Frameworks */ = {isa = PBXBuildFile; productRef = 6BFE277329264095006A8CAA /* FirebaseFirestore */; };
		6BFE277629264095006A8CAA /* FirebaseFirestoreCombine-Community in Frameworks */ = {isa = PBXBuildFile; productRef = 6BFE277529264095006A8CAA /* FirebaseFirestoreCombine-Community */; };
		6BFE277829264095006A8CAA /* FirebaseFirestoreSwift in Frameworks */ = {isa = PBXBuildFile; productRef = 6BFE277729264095006A8CAA /* FirebaseFirestoreSwift */; };
		6BFE277A29264095006A8CAA /* FirebaseStorage in Frameworks */ = {isa = PBXBuildFile; productRef = 6BFE277929264095006A8CAA /* FirebaseStorage */; };
		6BFE277C29264095006A8CAA /* FirebaseStorageCombine-Community in Frameworks */ = {isa = PBXBuildFile; productRef = 6BFE277B29264095006A8CAA /* FirebaseStorageCombine-Community */; };
/* End PBXBuildFile section */

/* Begin PBXFileReference section */
		6B2348E12926232B000E6FD9 /* GoogleService-Info.plist */ = {isa = PBXFileReference; fileEncoding = 4; lastKnownFileType = text.plist.xml; path = "GoogleService-Info.plist"; sourceTree = "<group>"; };
		6B80EE0B292646010027BF77 /* OnboardingUIViewController.swift */ = {isa = PBXFileReference; lastKnownFileType = sourcecode.swift; path = OnboardingUIViewController.swift; sourceTree = "<group>"; };
		6B80EE0D2927127E0027BF77 /* RegisterViewController.swift */ = {isa = PBXFileReference; lastKnownFileType = sourcecode.swift; path = RegisterViewController.swift; sourceTree = "<group>"; };
		6B80EE10292732F10027BF77 /* AuthenticationViewViewModel.swift */ = {isa = PBXFileReference; lastKnownFileType = sourcecode.swift; path = AuthenticationViewViewModel.swift; sourceTree = "<group>"; };
		6B80EE132928F9790027BF77 /* AuthManager.swift */ = {isa = PBXFileReference; lastKnownFileType = sourcecode.swift; path = AuthManager.swift; sourceTree = "<group>"; };
		6B80EE152929EB8F0027BF77 /* LoginViewController.swift */ = {isa = PBXFileReference; lastKnownFileType = sourcecode.swift; path = LoginViewController.swift; sourceTree = "<group>"; };
		6B9F9ADE2923F1D00071BB05 /* HomeViewController.swift */ = {isa = PBXFileReference; lastKnownFileType = sourcecode.swift; path = HomeViewController.swift; sourceTree = "<group>"; };
		6B9F9AE02923F2460071BB05 /* SearchViewController.swift */ = {isa = PBXFileReference; lastKnownFileType = sourcecode.swift; path = SearchViewController.swift; sourceTree = "<group>"; };
		6B9F9AE22923F2600071BB05 /* NotificationsViewController.swift */ = {isa = PBXFileReference; lastKnownFileType = sourcecode.swift; path = NotificationsViewController.swift; sourceTree = "<group>"; };
		6B9F9AE42923F27A0071BB05 /* DirectMessagesViewController.swift */ = {isa = PBXFileReference; lastKnownFileType = sourcecode.swift; path = DirectMessagesViewController.swift; sourceTree = "<group>"; };
		6B9F9AE72923F88C0071BB05 /* TweetTableViewCell.swift */ = {isa = PBXFileReference; lastKnownFileType = sourcecode.swift; path = TweetTableViewCell.swift; sourceTree = "<group>"; };
		6B9F9AEA292473F30071BB05 /* ProfileViewController.swift */ = {isa = PBXFileReference; lastKnownFileType = sourcecode.swift; path = ProfileViewController.swift; sourceTree = "<group>"; };
		6B9F9AEC2924BDEB0071BB05 /* ProfileTableViewHeader.swift */ = {isa = PBXFileReference; lastKnownFileType = sourcecode.swift; path = ProfileTableViewHeader.swift; sourceTree = "<group>"; };
		6BA99F512923EEDA00271043 /* TwitterClone.app */ = {isa = PBXFileReference; explicitFileType = wrapper.application; includeInIndex = 0; path = TwitterClone.app; sourceTree = BUILT_PRODUCTS_DIR; };
		6BA99F542923EEDA00271043 /* AppDelegate.swift */ = {isa = PBXFileReference; lastKnownFileType = sourcecode.swift; path = AppDelegate.swift; sourceTree = "<group>"; };
		6BA99F562923EEDA00271043 /* SceneDelegate.swift */ = {isa = PBXFileReference; lastKnownFileType = sourcecode.swift; path = SceneDelegate.swift; sourceTree = "<group>"; };
		6BA99F582923EEDA00271043 /* MainTabbarViewController.swift */ = {isa = PBXFileReference; lastKnownFileType = sourcecode.swift; path = MainTabbarViewController.swift; sourceTree = "<group>"; };
		6BA99F5D2923EEDC00271043 /* Assets.xcassets */ = {isa = PBXFileReference; lastKnownFileType = folder.assetcatalog; path = Assets.xcassets; sourceTree = "<group>"; };
		6BA99F602923EEDC00271043 /* Base */ = {isa = PBXFileReference; lastKnownFileType = file.storyboard; name = Base; path = Base.lproj/LaunchScreen.storyboard; sourceTree = "<group>"; };
		6BA99F622923EEDC00271043 /* Info.plist */ = {isa = PBXFileReference; lastKnownFileType = text.plist.xml; path = Info.plist; sourceTree = "<group>"; };
/* End PBXFileReference section */

/* Begin PBXFrameworksBuildPhase section */
		6BA99F4E2923EEDA00271043 /* Frameworks */ = {
			isa = PBXFrameworksBuildPhase;
			buildActionMask = 2147483647;
			files = (
				6BFE277229264095006A8CAA /* FirebaseDatabaseSwift in Frameworks */,
				6BFE277029264095006A8CAA /* FirebaseDatabase in Frameworks */,
				6BFE276C29264095006A8CAA /* FirebaseAuth in Frameworks */,
				6BFE277829264095006A8CAA /* FirebaseFirestoreSwift in Frameworks */,
				6BFE277629264095006A8CAA /* FirebaseFirestoreCombine-Community in Frameworks */,
				6BFE277A29264095006A8CAA /* FirebaseStorage in Frameworks */,
				6BFE277429264095006A8CAA /* FirebaseFirestore in Frameworks */,
				6BFE277C29264095006A8CAA /* FirebaseStorageCombine-Community in Frameworks */,
				6BFE276E29264095006A8CAA /* FirebaseAuthCombine-Community in Frameworks */,
			);
			runOnlyForDeploymentPostprocessing = 0;
		};
/* End PBXFrameworksBuildPhase section */

/* Begin PBXGroup section */
		6B80EE0A292645D60027BF77 /* Onboarding */ = {
			isa = PBXGroup;
			children = (
				6B80EE0B292646010027BF77 /* OnboardingUIViewController.swift */,
				6B80EE0D2927127E0027BF77 /* RegisterViewController.swift */,
				6B80EE152929EB8F0027BF77 /* LoginViewController.swift */,
			);
			path = Onboarding;
			sourceTree = "<group>";
		};
		6B80EE0F292732BF0027BF77 /* ViewModel */ = {
			isa = PBXGroup;
			children = (
				6B80EE10292732F10027BF77 /* AuthenticationViewViewModel.swift */,
			);
			path = ViewModel;
			sourceTree = "<group>";
		};
		6B80EE122928F9620027BF77 /* Networking */ = {
			isa = PBXGroup;
			children = (
				6B80EE132928F9790027BF77 /* AuthManager.swift */,
			);
			path = Networking;
			sourceTree = "<group>";
		};
		6B9F9AE62923F8650071BB05 /* Views */ = {
			isa = PBXGroup;
			children = (
				6B9F9AE72923F88C0071BB05 /* TweetTableViewCell.swift */,
				6B9F9AEC2924BDEB0071BB05 /* ProfileTableViewHeader.swift */,
			);
			path = Views;
			sourceTree = "<group>";
		};
		6B9F9AE9292473D40071BB05 /* General */ = {
			isa = PBXGroup;
			children = (
				6B9F9AEA292473F30071BB05 /* ProfileViewController.swift */,
			);
			path = General;
			sourceTree = "<group>";
		};
		6BA99F482923EEDA00271043 = {
			isa = PBXGroup;
			children = (
				6BA99F532923EEDA00271043 /* TwitterClone */,
				6BA99F522923EEDA00271043 /* Products */,
			);
			sourceTree = "<group>";
		};
		6BA99F522923EEDA00271043 /* Products */ = {
			isa = PBXGroup;
			children = (
				6BA99F512923EEDA00271043 /* TwitterClone.app */,
			);
			name = Products;
			sourceTree = "<group>";
		};
		6BA99F532923EEDA00271043 /* TwitterClone */ = {
			isa = PBXGroup;
			children = (
				6B80EE122928F9620027BF77 /* Networking */,
				6B80EE0F292732BF0027BF77 /* ViewModel */,
				6B9F9AE62923F8650071BB05 /* Views */,
				6BA99F682923F11200271043 /* Controllers */,
				6BA99F542923EEDA00271043 /* AppDelegate.swift */,
				6BA99F562923EEDA00271043 /* SceneDelegate.swift */,
				6BA99F5D2923EEDC00271043 /* Assets.xcassets */,
				6BA99F5F2923EEDC00271043 /* LaunchScreen.storyboard */,
				6BA99F622923EEDC00271043 /* Info.plist */,
				6B2348E12926232B000E6FD9 /* GoogleService-Info.plist */,
			);
			path = TwitterClone;
			sourceTree = "<group>";
		};
		6BA99F682923F11200271043 /* Controllers */ = {
			isa = PBXGroup;
			children = (
				6B80EE0A292645D60027BF77 /* Onboarding */,
				6B9F9AE9292473D40071BB05 /* General */,
				6BA99F692923F12300271043 /* Core */,
			);
			path = Controllers;
			sourceTree = "<group>";
		};
		6BA99F692923F12300271043 /* Core */ = {
			isa = PBXGroup;
			children = (
				6BA99F582923EEDA00271043 /* MainTabbarViewController.swift */,
				6B9F9ADE2923F1D00071BB05 /* HomeViewController.swift */,
				6B9F9AE02923F2460071BB05 /* SearchViewController.swift */,
				6B9F9AE22923F2600071BB05 /* NotificationsViewController.swift */,
				6B9F9AE42923F27A0071BB05 /* DirectMessagesViewController.swift */,
			);
			path = Core;
			sourceTree = "<group>";
		};
/* End PBXGroup section */

/* Begin PBXNativeTarget section */
		6BA99F502923EEDA00271043 /* TwitterClone */ = {
			isa = PBXNativeTarget;
			buildConfigurationList = 6BA99F652923EEDC00271043 /* Build configuration list for PBXNativeTarget "TwitterClone" */;
			buildPhases = (
				6BA99F4D2923EEDA00271043 /* Sources */,
				6BA99F4E2923EEDA00271043 /* Frameworks */,
				6BA99F4F2923EEDA00271043 /* Resources */,
			);
			buildRules = (
			);
			dependencies = (
			);
			name = TwitterClone;
			packageProductDependencies = (
				6BFE276B29264095006A8CAA /* FirebaseAuth */,
				6BFE276D29264095006A8CAA /* FirebaseAuthCombine-Community */,
				6BFE276F29264095006A8CAA /* FirebaseDatabase */,
				6BFE277129264095006A8CAA /* FirebaseDatabaseSwift */,
				6BFE277329264095006A8CAA /* FirebaseFirestore */,
				6BFE277529264095006A8CAA /* FirebaseFirestoreCombine-Community */,
				6BFE277729264095006A8CAA /* FirebaseFirestoreSwift */,
				6BFE277929264095006A8CAA /* FirebaseStorage */,
				6BFE277B29264095006A8CAA /* FirebaseStorageCombine-Community */,
			);
			productName = TwitterClone;
			productReference = 6BA99F512923EEDA00271043 /* TwitterClone.app */;
			productType = "com.apple.product-type.application";
		};
/* End PBXNativeTarget section */

/* Begin PBXProject section */
		6BA99F492923EEDA00271043 /* Project object */ = {
			isa = PBXProject;
			attributes = {
				BuildIndependentTargetsInParallel = 1;
				LastSwiftUpdateCheck = 1340;
				LastUpgradeCheck = 1340;
				TargetAttributes = {
					6BA99F502923EEDA00271043 = {
						CreatedOnToolsVersion = 13.4.1;
					};
				};
			};
			buildConfigurationList = 6BA99F4C2923EEDA00271043 /* Build configuration list for PBXProject "TwitterClone" */;
			compatibilityVersion = "Xcode 13.0";
			developmentRegion = en;
			hasScannedForEncodings = 0;
			knownRegions = (
				en,
				Base,
			);
			mainGroup = 6BA99F482923EEDA00271043;
			packageReferences = (
				6BFE276A29264095006A8CAA /* XCRemoteSwiftPackageReference "firebase-ios-sdk" */,
			);
			productRefGroup = 6BA99F522923EEDA00271043 /* Products */;
			projectDirPath = "";
			projectRoot = "";
			targets = (
				6BA99F502923EEDA00271043 /* TwitterClone */,
			);
		};
/* End PBXProject section */

/* Begin PBXResourcesBuildPhase section */
		6BA99F4F2923EEDA00271043 /* Resources */ = {
			isa = PBXResourcesBuildPhase;
			buildActionMask = 2147483647;
			files = (
				6BA99F612923EEDC00271043 /* LaunchScreen.storyboard in Resources */,
				6BA99F5E2923EEDC00271043 /* Assets.xcassets in Resources */,
				6B2348E22926232C000E6FD9 /* GoogleService-Info.plist in Resources */,
			);
			runOnlyForDeploymentPostprocessing = 0;
		};
/* End PBXResourcesBuildPhase section */

/* Begin PBXSourcesBuildPhase section */
		6BA99F4D2923EEDA00271043 /* Sources */ = {
			isa = PBXSourcesBuildPhase;
			buildActionMask = 2147483647;
			files = (
				6B9F9AE12923F2460071BB05 /* SearchViewController.swift in Sources */,
				6BA99F592923EEDA00271043 /* MainTabbarViewController.swift in Sources */,
				6B80EE0C292646010027BF77 /* OnboardingUIViewController.swift in Sources */,
				6B80EE162929EB8F0027BF77 /* LoginViewController.swift in Sources */,
				6B80EE0E2927127E0027BF77 /* RegisterViewController.swift in Sources */,
				6BA99F552923EEDA00271043 /* AppDelegate.swift in Sources */,
				6B9F9AE32923F2600071BB05 /* NotificationsViewController.swift in Sources */,
				6BA99F572923EEDA00271043 /* SceneDelegate.swift in Sources */,
				6B80EE11292732F10027BF77 /* AuthenticationViewViewModel.swift in Sources */,
				6B9F9ADF2923F1D00071BB05 /* HomeViewController.swift in Sources */,
				6B9F9AEB292473F30071BB05 /* ProfileViewController.swift in Sources */,
				6B80EE142928F9790027BF77 /* AuthManager.swift in Sources */,
				6B9F9AED2924BDEB0071BB05 /* ProfileTableViewHeader.swift in Sources */,
				6B9F9AE52923F27A0071BB05 /* DirectMessagesViewController.swift in Sources */,
				6B9F9AE82923F88C0071BB05 /* TweetTableViewCell.swift in Sources */,
			);
			runOnlyForDeploymentPostprocessing = 0;
		};
/* End PBXSourcesBuildPhase section */

/* Begin PBXVariantGroup section */
		6BA99F5F2923EEDC00271043 /* LaunchScreen.storyboard */ = {
			isa = PBXVariantGroup;
			children = (
				6BA99F602923EEDC00271043 /* Base */,
			);
			name = LaunchScreen.storyboard;
			sourceTree = "<group>";
		};
/* End PBXVariantGroup section */

/* Begin XCBuildConfiguration section */
		6BA99F632923EEDC00271043 /* Debug */ = {
			isa = XCBuildConfiguration;
			buildSettings = {
				ALWAYS_SEARCH_USER_PATHS = NO;
				CLANG_ANALYZER_NONNULL = YES;
				CLANG_ANALYZER_NUMBER_OBJECT_CONVERSION = YES_AGGRESSIVE;
				CLANG_CXX_LANGUAGE_STANDARD = "gnu++17";
				CLANG_ENABLE_MODULES = YES;
				CLANG_ENABLE_OBJC_ARC = YES;
				CLANG_ENABLE_OBJC_WEAK = YES;
				CLANG_WARN_BLOCK_CAPTURE_AUTORELEASING = YES;
				CLANG_WARN_BOOL_CONVERSION = YES;
				CLANG_WARN_COMMA = YES;
				CLANG_WARN_CONSTANT_CONVERSION = YES;
				CLANG_WARN_DEPRECATED_OBJC_IMPLEMENTATIONS = YES;
				CLANG_WARN_DIRECT_OBJC_ISA_USAGE = YES_ERROR;
				CLANG_WARN_DOCUMENTATION_COMMENTS = YES;
				CLANG_WARN_EMPTY_BODY = YES;
				CLANG_WARN_ENUM_CONVERSION = YES;
				CLANG_WARN_INFINITE_RECURSION = YES;
				CLANG_WARN_INT_CONVERSION = YES;
				CLANG_WARN_NON_LITERAL_NULL_CONVERSION = YES;
				CLANG_WARN_OBJC_IMPLICIT_RETAIN_SELF = YES;
				CLANG_WARN_OBJC_LITERAL_CONVERSION = YES;
				CLANG_WARN_OBJC_ROOT_CLASS = YES_ERROR;
				CLANG_WARN_QUOTED_INCLUDE_IN_FRAMEWORK_HEADER = YES;
				CLANG_WARN_RANGE_LOOP_ANALYSIS = YES;
				CLANG_WARN_STRICT_PROTOTYPES = YES;
				CLANG_WARN_SUSPICIOUS_MOVE = YES;
				CLANG_WARN_UNGUARDED_AVAILABILITY = YES_AGGRESSIVE;
				CLANG_WARN_UNREACHABLE_CODE = YES;
				CLANG_WARN__DUPLICATE_METHOD_MATCH = YES;
				COPY_PHASE_STRIP = NO;
				DEBUG_INFORMATION_FORMAT = dwarf;
				ENABLE_STRICT_OBJC_MSGSEND = YES;
				ENABLE_TESTABILITY = YES;
				GCC_C_LANGUAGE_STANDARD = gnu11;
				GCC_DYNAMIC_NO_PIC = NO;
				GCC_NO_COMMON_BLOCKS = YES;
				GCC_OPTIMIZATION_LEVEL = 0;
				GCC_PREPROCESSOR_DEFINITIONS = (
					"DEBUG=1",
					"$(inherited)",
				);
				GCC_WARN_64_TO_32_BIT_CONVERSION = YES;
				GCC_WARN_ABOUT_RETURN_TYPE = YES_ERROR;
				GCC_WARN_UNDECLARED_SELECTOR = YES;
				GCC_WARN_UNINITIALIZED_AUTOS = YES_AGGRESSIVE;
				GCC_WARN_UNUSED_FUNCTION = YES;
				GCC_WARN_UNUSED_VARIABLE = YES;
				IPHONEOS_DEPLOYMENT_TARGET = 15.5;
				MTL_ENABLE_DEBUG_INFO = INCLUDE_SOURCE;
				MTL_FAST_MATH = YES;
				ONLY_ACTIVE_ARCH = YES;
				SDKROOT = iphoneos;
				SWIFT_ACTIVE_COMPILATION_CONDITIONS = DEBUG;
				SWIFT_OPTIMIZATION_LEVEL = "-Onone";
			};
			name = Debug;
		};
		6BA99F642923EEDC00271043 /* Release */ = {
			isa = XCBuildConfiguration;
			buildSettings = {
				ALWAYS_SEARCH_USER_PATHS = NO;
				CLANG_ANALYZER_NONNULL = YES;
				CLANG_ANALYZER_NUMBER_OBJECT_CONVERSION = YES_AGGRESSIVE;
				CLANG_CXX_LANGUAGE_STANDARD = "gnu++17";
				CLANG_ENABLE_MODULES = YES;
				CLANG_ENABLE_OBJC_ARC = YES;
				CLANG_ENABLE_OBJC_WEAK = YES;
				CLANG_WARN_BLOCK_CAPTURE_AUTORELEASING = YES;
				CLANG_WARN_BOOL_CONVERSION = YES;
				CLANG_WARN_COMMA = YES;
				CLANG_WARN_CONSTANT_CONVERSION = YES;
				CLANG_WARN_DEPRECATED_OBJC_IMPLEMENTATIONS = YES;
				CLANG_WARN_DIRECT_OBJC_ISA_USAGE = YES_ERROR;
				CLANG_WARN_DOCUMENTATION_COMMENTS = YES;
				CLANG_WARN_EMPTY_BODY = YES;
				CLANG_WARN_ENUM_CONVERSION = YES;
				CLANG_WARN_INFINITE_RECURSION = YES;
				CLANG_WARN_INT_CONVERSION = YES;
				CLANG_WARN_NON_LITERAL_NULL_CONVERSION = YES;
				CLANG_WARN_OBJC_IMPLICIT_RETAIN_SELF = YES;
				CLANG_WARN_OBJC_LITERAL_CONVERSION = YES;
				CLANG_WARN_OBJC_ROOT_CLASS = YES_ERROR;
				CLANG_WARN_QUOTED_INCLUDE_IN_FRAMEWORK_HEADER = YES;
				CLANG_WARN_RANGE_LOOP_ANALYSIS = YES;
				CLANG_WARN_STRICT_PROTOTYPES = YES;
				CLANG_WARN_SUSPICIOUS_MOVE = YES;
				CLANG_WARN_UNGUARDED_AVAILABILITY = YES_AGGRESSIVE;
				CLANG_WARN_UNREACHABLE_CODE = YES;
				CLANG_WARN__DUPLICATE_METHOD_MATCH = YES;
				COPY_PHASE_STRIP = NO;
				DEBUG_INFORMATION_FORMAT = "dwarf-with-dsym";
				ENABLE_NS_ASSERTIONS = NO;
				ENABLE_STRICT_OBJC_MSGSEND = YES;
				GCC_C_LANGUAGE_STANDARD = gnu11;
				GCC_NO_COMMON_BLOCKS = YES;
				GCC_WARN_64_TO_32_BIT_CONVERSION = YES;
				GCC_WARN_ABOUT_RETURN_TYPE = YES_ERROR;
				GCC_WARN_UNDECLARED_SELECTOR = YES;
				GCC_WARN_UNINITIALIZED_AUTOS = YES_AGGRESSIVE;
				GCC_WARN_UNUSED_FUNCTION = YES;
				GCC_WARN_UNUSED_VARIABLE = YES;
				IPHONEOS_DEPLOYMENT_TARGET = 15.5;
				MTL_ENABLE_DEBUG_INFO = NO;
				MTL_FAST_MATH = YES;
				SDKROOT = iphoneos;
				SWIFT_COMPILATION_MODE = wholemodule;
				SWIFT_OPTIMIZATION_LEVEL = "-O";
				VALIDATE_PRODUCT = YES;
			};
			name = Release;
		};
		6BA99F662923EEDC00271043 /* Debug */ = {
			isa = XCBuildConfiguration;
			buildSettings = {
				ASSETCATALOG_COMPILER_APPICON_NAME = AppIcon;
				ASSETCATALOG_COMPILER_GLOBAL_ACCENT_COLOR_NAME = AccentColor;
				CODE_SIGN_STYLE = Automatic;
				CURRENT_PROJECT_VERSION = 1;
				DEVELOPMENT_TEAM = C29CY6V7HJ;
				GENERATE_INFOPLIST_FILE = YES;
				INFOPLIST_FILE = TwitterClone/Info.plist;
				INFOPLIST_KEY_UIApplicationSupportsIndirectInputEvents = YES;
				INFOPLIST_KEY_UILaunchStoryboardName = LaunchScreen;
				INFOPLIST_KEY_UISupportedInterfaceOrientations_iPad = "UIInterfaceOrientationPortrait UIInterfaceOrientationPortraitUpsideDown UIInterfaceOrientationLandscapeLeft UIInterfaceOrientationLandscapeRight";
				INFOPLIST_KEY_UISupportedInterfaceOrientations_iPhone = "UIInterfaceOrientationPortrait UIInterfaceOrientationLandscapeLeft UIInterfaceOrientationLandscapeRight";
				LD_RUNPATH_SEARCH_PATHS = (
					"$(inherited)",
					"@executable_path/Frameworks",
				);
				MARKETING_VERSION = 1.0;
				PRODUCT_BUNDLE_IDENTIFIER = com.thuta.TwitterClone;
				PRODUCT_NAME = "$(TARGET_NAME)";
				SWIFT_EMIT_LOC_STRINGS = YES;
				SWIFT_VERSION = 5.0;
				TARGETED_DEVICE_FAMILY = "1,2";
			};
			name = Debug;
		};
		6BA99F672923EEDC00271043 /* Release */ = {
			isa = XCBuildConfiguration;
			buildSettings = {
				ASSETCATALOG_COMPILER_APPICON_NAME = AppIcon;
				ASSETCATALOG_COMPILER_GLOBAL_ACCENT_COLOR_NAME = AccentColor;
				CODE_SIGN_STYLE = Automatic;
				CURRENT_PROJECT_VERSION = 1;
				DEVELOPMENT_TEAM = C29CY6V7HJ;
				GENERATE_INFOPLIST_FILE = YES;
				INFOPLIST_FILE = TwitterClone/Info.plist;
				INFOPLIST_KEY_UIApplicationSupportsIndirectInputEvents = YES;
				INFOPLIST_KEY_UILaunchStoryboardName = LaunchScreen;
				INFOPLIST_KEY_UISupportedInterfaceOrientations_iPad = "UIInterfaceOrientationPortrait UIInterfaceOrientationPortraitUpsideDown UIInterfaceOrientationLandscapeLeft UIInterfaceOrientationLandscapeRight";
				INFOPLIST_KEY_UISupportedInterfaceOrientations_iPhone = "UIInterfaceOrientationPortrait UIInterfaceOrientationLandscapeLeft UIInterfaceOrientationLandscapeRight";
				LD_RUNPATH_SEARCH_PATHS = (
					"$(inherited)",
					"@executable_path/Frameworks",
				);
				MARKETING_VERSION = 1.0;
				PRODUCT_BUNDLE_IDENTIFIER = com.thuta.TwitterClone;
				PRODUCT_NAME = "$(TARGET_NAME)";
				SWIFT_EMIT_LOC_STRINGS = YES;
				SWIFT_VERSION = 5.0;
				TARGETED_DEVICE_FAMILY = "1,2";
			};
			name = Release;
		};
/* End XCBuildConfiguration section */

/* Begin XCConfigurationList section */
		6BA99F4C2923EEDA00271043 /* Build configuration list for PBXProject "TwitterClone" */ = {
			isa = XCConfigurationList;
			buildConfigurations = (
				6BA99F632923EEDC00271043 /* Debug */,
				6BA99F642923EEDC00271043 /* Release */,
			);
			defaultConfigurationIsVisible = 0;
			defaultConfigurationName = Release;
		};
		6BA99F652923EEDC00271043 /* Build configuration list for PBXNativeTarget "TwitterClone" */ = {
			isa = XCConfigurationList;
			buildConfigurations = (
				6BA99F662923EEDC00271043 /* Debug */,
				6BA99F672923EEDC00271043 /* Release */,
			);
			defaultConfigurationIsVisible = 0;
			defaultConfigurationName = Release;
		};
/* End XCConfigurationList section */

/* Begin XCRemoteSwiftPackageReference section */
		6BFE276A29264095006A8CAA /* XCRemoteSwiftPackageReference "firebase-ios-sdk" */ = {
			isa = XCRemoteSwiftPackageReference;
			repositoryURL = "https://github.com/firebase/firebase-ios-sdk.git";
			requirement = {
				kind = upToNextMinorVersion;
				minimumVersion = 9.6.0;
			};
		};
/* End XCRemoteSwiftPackageReference section */

/* Begin XCSwiftPackageProductDependency section */
		6BFE276B29264095006A8CAA /* FirebaseAuth */ = {
			isa = XCSwiftPackageProductDependency;
			package = 6BFE276A29264095006A8CAA /* XCRemoteSwiftPackageReference "firebase-ios-sdk" */;
			productName = FirebaseAuth;
		};
		6BFE276D29264095006A8CAA /* FirebaseAuthCombine-Community */ = {
			isa = XCSwiftPackageProductDependency;
			package = 6BFE276A29264095006A8CAA /* XCRemoteSwiftPackageReference "firebase-ios-sdk" */;
			productName = "FirebaseAuthCombine-Community";
		};
		6BFE276F29264095006A8CAA /* FirebaseDatabase */ = {
			isa = XCSwiftPackageProductDependency;
			package = 6BFE276A29264095006A8CAA /* XCRemoteSwiftPackageReference "firebase-ios-sdk" */;
			productName = FirebaseDatabase;
		};
		6BFE277129264095006A8CAA /* FirebaseDatabaseSwift */ = {
			isa = XCSwiftPackageProductDependency;
			package = 6BFE276A29264095006A8CAA /* XCRemoteSwiftPackageReference "firebase-ios-sdk" */;
			productName = FirebaseDatabaseSwift;
		};
		6BFE277329264095006A8CAA /* FirebaseFirestore */ = {
			isa = XCSwiftPackageProductDependency;
			package = 6BFE276A29264095006A8CAA /* XCRemoteSwiftPackageReference "firebase-ios-sdk" */;
			productName = FirebaseFirestore;
		};
		6BFE277529264095006A8CAA /* FirebaseFirestoreCombine-Community */ = {
			isa = XCSwiftPackageProductDependency;
			package = 6BFE276A29264095006A8CAA /* XCRemoteSwiftPackageReference "firebase-ios-sdk" */;
			productName = "FirebaseFirestoreCombine-Community";
		};
		6BFE277729264095006A8CAA /* FirebaseFirestoreSwift */ = {
			isa = XCSwiftPackageProductDependency;
			package = 6BFE276A29264095006A8CAA /* XCRemoteSwiftPackageReference "firebase-ios-sdk" */;
			productName = FirebaseFirestoreSwift;
		};
		6BFE277929264095006A8CAA /* FirebaseStorage */ = {
			isa = XCSwiftPackageProductDependency;
			package = 6BFE276A29264095006A8CAA /* XCRemoteSwiftPackageReference "firebase-ios-sdk" */;
			productName = FirebaseStorage;
		};
		6BFE277B29264095006A8CAA /* FirebaseStorageCombine-Community */ = {
			isa = XCSwiftPackageProductDependency;
			package = 6BFE276A29264095006A8CAA /* XCRemoteSwiftPackageReference "firebase-ios-sdk" */;
			productName = "FirebaseStorageCombine-Community";
		};
/* End XCSwiftPackageProductDependency section */
	};
	rootObject = 6BA99F492923EEDA00271043 /* Project object */;
}
